
Microsoft Visual Studio Solution File, Format Version 12.00
# Visual Studio Version 17
VisualStudioVersion = 17.11.35219.272
MinimumVisualStudioVersion = 10.0.40219.1
Project("{FAE04EC0-301F-11D3-BF4B-00C04F79EFBC}") = "AbstractOrnek", "AbstractOrnek\AbstractOrnek.csproj", "{B3FA3BA6-661C-4523-9190-133B75B32792}"
EndProject
Global
	GlobalSection(SolutionConfigurationPlatforms) = preSolution
		Debug|Any CPU = Debug|Any CPU
		Release|Any CPU = Release|Any CPU
	EndGlobalSection
	GlobalSection(ProjectConfigurationPlatforms) = postSolution
		{B3FA3BA6-661C-4523-9190-133B75B32792}.Debug|Any CPU.ActiveCfg = Debug|Any CPU
		{B3FA3BA6-661C-4523-9190-133B75B32792}.Debug|Any CPU.Build.0 = Debug|Any CPU
		{B3FA3BA6-661C-4523-9190-133B75B32792}.Release|Any CPU.ActiveCfg = Release|Any CPU
		{B3FA3BA6-661C-4523-9190-133B75B32792}.Release|Any CPU.Build.0 = Release|Any CPU
	EndGlobalSection
	GlobalSection(SolutionProperties) = preSolution
		HideSolutionNode = FALSE
	EndGlobalSection
	GlobalSection(ExtensibilityGlobals) = postSolution
		SolutionGuid = {8F410DA7-50EB-4B47-998A-60C89FD5B202}
	EndGlobalSection
EndGlobal
